<?xml version="1.0" encoding="utf-8"?>
<Project ToolsVersion="4.0" xmlns="http://schemas.microsoft.com/developer/msbuild/2003">
  <ItemGroup>
    <Filter Include="XEngine">
      <UniqueIdentifier>{D342B922-3F22-38BE-483A-C394B4989E1F}</UniqueIdentifier>
    </Filter>
  </ItemGroup>
  <ItemGroup>
    <ClInclude Include="src\XEngine.h" />
    <ClInclude Include="src\XEngine\Application.h">
      <Filter>XEngine</Filter>
    </ClInclude>
    <ClInclude Include="src\XEngine\Core.h">
      <Filter>XEngine</Filter>
    </ClInclude>
    <ClInclude Include="src\XEngine\EntryPoint.h">
      <Filter>XEngine</Filter>
    </ClInclude>
    <ClInclude Include="src\XEngine\Log.h">
      <Filter>XEngine</Filter>
    </ClInclude>
  </ItemGroup>
  <ItemGroup>
    <ClCompile Include="src\XEngine\Application.cpp">
      <Filter>XEngine</Filter>
    </ClCompile>
    <ClCompile Include="src\XEngine\Log.cpp">
      <Filter>XEngine</Filter>
    </ClCompile>
  </ItemGroup>
</Project>